{
  "name": "cordova-plugin-smartlook",
  "version": "1.8.0",
  "lockfileVersion": 2,
  "requires": true,
  "packages": {
    "": {
      "name": "cordova-plugin-smartlook",
      "version": "1.8.0",
      "license": "MIT",
      "devDependencies": {
        "@types/cordova": "^0.0.34",
        "@types/node": "^15.6.1"
      }
    },
    "node_modules/@types/cordova": {
      "version": "0.0.34",
      "dev": true,
      "license": "MIT"
    },
    "node_modules/@types/node": {
      "version": "15.6.1",
      "resolved": "https://registry.npmjs.org/@types/node/-/node-15.6.1.tgz",
      "integrity": "sha512-7EIraBEyRHEe7CH+Fm1XvgqU6uwZN8Q7jppJGcqjROMT29qhAuuOxYB1uEY5UMYQKEmA5D+5tBnhdaPXSsLONA==",
      "dev": true
    }
  },
  "dependencies": {
    "@types/cordova": {
      "version": "0.0.34",
      "dev": true
    },
    "@types/node": {
      "version": "15.6.1",
      "resolved": "https://registry.npmjs.org/@types/node/-/node-15.6.1.tgz",
      "integrity": "sha512-7EIraBEyRHEe7CH+Fm1XvgqU6uwZN8Q7jppJGcqjROMT29qhAuuOxYB1uEY5UMYQKEmA5D+5tBnhdaPXSsLONA==",
      "dev": true
    }
  }
}
