# THIS IS AN AUTOGENERATED FILE. DO NOT EDIT THIS FILE DIRECTLY.
# yarn lockfile v1


"@types/cordova@^0.0.34":
  version "0.0.34"
  resolved "https://registry.yarnpkg.com/@types/cordova/-/cordova-0.0.34.tgz#ea7addf74ecec3d7629827a0c39e2c9addc73d04"
  integrity sha512-rkiiTuf/z2wTd4RxFOb+clE7PF4AEJU0hsczbUdkHHBtkUmpWQpEddynNfJYKYtZFJKbq4F+brfekt1kx85IZA==

"@types/node@^15.6.1":
  version "15.14.9"
  resolved "https://registry.yarnpkg.com/@types/node/-/node-15.14.9.tgz#bc43c990c3c9be7281868bbc7b8fdd6e2b57adfa"
  integrity sha512-qjd88DrCxupx/kJD5yQgZdcYKZKSIGBVDIBE1/LTGcNm3d2Np/jxojkdePDdfnBHJc5W7vSMpbJ1aB7p/Py69A==

prettier@2.8.4:
  version "2.8.4"
  resolved "https://registry.yarnpkg.com/prettier/-/prettier-2.8.4.tgz#34dd2595629bfbb79d344ac4a91ff948694463c3"
  integrity sha512-vIS4Rlc2FNh0BySk3Wkd6xmwxB0FpOndW5fisM5H8hsZSxU2VWVB5CWIkIjWvrHjIhxk2g3bfMKM87zNTrZddw==
